// !$*UTF8*$!
{
	archiveVersion = 1;
	classes = {
	};
	objectVersion = 56;
	objects = {

/* Begin PBXBuildFile section */
		DC1009D9294FA1DE005B614E /* LocationManager.swift in Sources */ = {isa = PBXBuildFile; fileRef = DC1009D8294FA1DE005B614E /* LocationManager.swift */; };
		DC1009DD295055D7005B614E /* View+Extention.swift in Sources */ = {isa = PBXBuildFile; fileRef = DC1009DC295055D7005B614E /* View+Extention.swift */; };
		DC51C8722941CFAA00ECFF6C /* CityListView.swift in Sources */ = {isa = PBXBuildFile; fileRef = DC51C8712941CFAA00ECFF6C /* CityListView.swift */; };
		DC51C8802942160500ECFF6C /* CurrentWeatherModel.swift in Sources */ = {isa = PBXBuildFile; fileRef = DC51C8792942160500ECFF6C /* CurrentWeatherModel.swift */; };
		DC66A6702940CCC200B8F1D6 /* WeatherTestProjectApp.swift in Sources */ = {isa = PBXBuildFile; fileRef = DC66A66F2940CCC200B8F1D6 /* WeatherTestProjectApp.swift */; };
		DC66A6722940CCC200B8F1D6 /* ContentView.swift in Sources */ = {isa = PBXBuildFile; fileRef = DC66A6712940CCC200B8F1D6 /* ContentView.swift */; };
		DC66A6742940CCC300B8F1D6 /* Assets.xcassets in Resources */ = {isa = PBXBuildFile; fileRef = DC66A6732940CCC300B8F1D6 /* Assets.xcassets */; };
		DC66A6772940CCC300B8F1D6 /* Preview Assets.xcassets in Resources */ = {isa = PBXBuildFile; fileRef = DC66A6762940CCC300B8F1D6 /* Preview Assets.xcassets */; };
		DC66A67E2940CD5C00B8F1D6 /* Constants.swift in Sources */ = {isa = PBXBuildFile; fileRef = DC66A67D2940CD5C00B8F1D6 /* Constants.swift */; };
		DC66A6802940D6ED00B8F1D6 /* CityDetailView.swift in Sources */ = {isa = PBXBuildFile; fileRef = DC66A67F2940D6ED00B8F1D6 /* CityDetailView.swift */; };
		DC66A686294113FF00B8F1D6 /* CurrentWeatherDataAPI.swift in Sources */ = {isa = PBXBuildFile; fileRef = DC66A685294113FF00B8F1D6 /* CurrentWeatherDataAPI.swift */; };
		DCB6998629425FBF00F7E257 /* Color+Extention.swift in Sources */ = {isa = PBXBuildFile; fileRef = DCB6998529425FBF00F7E257 /* Color+Extention.swift */; };
		DCB6999529427CC300F7E257 /* FiveDayForecastModel.swift in Sources */ = {isa = PBXBuildFile; fileRef = DCB6998C29427CC200F7E257 /* FiveDayForecastModel.swift */; };
		DCB6999C2942810300F7E257 /* FiveDayForecastAPI.swift in Sources */ = {isa = PBXBuildFile; fileRef = DCB6999B2942810300F7E257 /* FiveDayForecastAPI.swift */; };
		DCB6999E294281F700F7E257 /* HourlyForecastView.swift in Sources */ = {isa = PBXBuildFile; fileRef = DCB6999D294281F600F7E257 /* HourlyForecastView.swift */; };
		DCB699A02942845C00F7E257 /* DailyForecastView.swift in Sources */ = {isa = PBXBuildFile; fileRef = DCB6999F2942845C00F7E257 /* DailyForecastView.swift */; };
/* End PBXBuildFile section */

/* Begin PBXFileReference section */
		DC1009D8294FA1DE005B614E /* LocationManager.swift */ = {isa = PBXFileReference; lastKnownFileType = sourcecode.swift; path = LocationManager.swift; sourceTree = "<group>"; };
		DC1009DC295055D7005B614E /* View+Extention.swift */ = {isa = PBXFileReference; lastKnownFileType = sourcecode.swift; path = "View+Extention.swift"; sourceTree = "<group>"; };
		DC51C8712941CFAA00ECFF6C /* CityListView.swift */ = {isa = PBXFileReference; lastKnownFileType = sourcecode.swift; path = CityListView.swift; sourceTree = "<group>"; };
		DC51C8732941EB6D00ECFF6C /* Info.plist */ = {isa = PBXFileReference; lastKnownFileType = text.plist; path = Info.plist; sourceTree = "<group>"; };
		DC51C8792942160500ECFF6C /* CurrentWeatherModel.swift */ = {isa = PBXFileReference; fileEncoding = 4; lastKnownFileType = sourcecode.swift; path = CurrentWeatherModel.swift; sourceTree = "<group>"; };
		DC66A66C2940CCC200B8F1D6 /* WeatherTestProject.app */ = {isa = PBXFileReference; explicitFileType = wrapper.application; includeInIndex = 0; path = WeatherTestProject.app; sourceTree = BUILT_PRODUCTS_DIR; };
		DC66A66F2940CCC200B8F1D6 /* WeatherTestProjectApp.swift */ = {isa = PBXFileReference; lastKnownFileType = sourcecode.swift; path = WeatherTestProjectApp.swift; sourceTree = "<group>"; };
		DC66A6712940CCC200B8F1D6 /* ContentView.swift */ = {isa = PBXFileReference; lastKnownFileType = sourcecode.swift; path = ContentView.swift; sourceTree = "<group>"; };
		DC66A6732940CCC300B8F1D6 /* Assets.xcassets */ = {isa = PBXFileReference; lastKnownFileType = folder.assetcatalog; path = Assets.xcassets; sourceTree = "<group>"; };
		DC66A6762940CCC300B8F1D6 /* Preview Assets.xcassets */ = {isa = PBXFileReference; lastKnownFileType = folder.assetcatalog; path = "Preview Assets.xcassets"; sourceTree = "<group>"; };
		DC66A67D2940CD5C00B8F1D6 /* Constants.swift */ = {isa = PBXFileReference; lastKnownFileType = sourcecode.swift; path = Constants.swift; sourceTree = "<group>"; };
		DC66A67F2940D6ED00B8F1D6 /* CityDetailView.swift */ = {isa = PBXFileReference; lastKnownFileType = sourcecode.swift; path = CityDetailView.swift; sourceTree = "<group>"; };
		DC66A685294113FF00B8F1D6 /* CurrentWeatherDataAPI.swift */ = {isa = PBXFileReference; lastKnownFileType = sourcecode.swift; path = CurrentWeatherDataAPI.swift; sourceTree = "<group>"; };
		DCB6998529425FBF00F7E257 /* Color+Extention.swift */ = {isa = PBXFileReference; fileEncoding = 4; lastKnownFileType = sourcecode.swift; path = "Color+Extention.swift"; sourceTree = "<group>"; };
		DCB6998C29427CC200F7E257 /* FiveDayForecastModel.swift */ = {isa = PBXFileReference; fileEncoding = 4; lastKnownFileType = sourcecode.swift; path = FiveDayForecastModel.swift; sourceTree = "<group>"; };
		DCB6999B2942810300F7E257 /* FiveDayForecastAPI.swift */ = {isa = PBXFileReference; lastKnownFileType = sourcecode.swift; path = FiveDayForecastAPI.swift; sourceTree = "<group>"; };
		DCB6999D294281F600F7E257 /* HourlyForecastView.swift */ = {isa = PBXFileReference; lastKnownFileType = sourcecode.swift; path = HourlyForecastView.swift; sourceTree = "<group>"; };
		DCB6999F2942845C00F7E257 /* DailyForecastView.swift */ = {isa = PBXFileReference; lastKnownFileType = sourcecode.swift; path = DailyForecastView.swift; sourceTree = "<group>"; };
/* End PBXFileReference section */

/* Begin PBXFrameworksBuildPhase section */
		DC66A6692940CCC200B8F1D6 /* Frameworks */ = {
			isa = PBXFrameworksBuildPhase;
			buildActionMask = 2147483647;
			files = (
			);
			runOnlyForDeploymentPostprocessing = 0;
		};
/* End PBXFrameworksBuildPhase section */

/* Begin PBXGroup section */
		DC66A6632940CCC200B8F1D6 = {
			isa = PBXGroup;
			children = (
				DC66A66E2940CCC200B8F1D6 /* WeatherTestProject */,
				DC66A66D2940CCC200B8F1D6 /* Products */,
			);
			sourceTree = "<group>";
		};
		DC66A66D2940CCC200B8F1D6 /* Products */ = {
			isa = PBXGroup;
			children = (
				DC66A66C2940CCC200B8F1D6 /* WeatherTestProject.app */,
			);
			name = Products;
			sourceTree = "<group>";
		};
		DC66A66E2940CCC200B8F1D6 /* WeatherTestProject */ = {
			isa = PBXGroup;
			children = (
				DC51C8732941EB6D00ECFF6C /* Info.plist */,
				DC66A67D2940CD5C00B8F1D6 /* Constants.swift */,
				DCB6998529425FBF00F7E257 /* Color+Extention.swift */,
				DC1009DC295055D7005B614E /* View+Extention.swift */,
				DC1009D8294FA1DE005B614E /* LocationManager.swift */,
				DC66A6872941140C00B8F1D6 /* API */,
				DC66A66F2940CCC200B8F1D6 /* WeatherTestProjectApp.swift */,
				DC66A6712940CCC200B8F1D6 /* ContentView.swift */,
				DC51C8712941CFAA00ECFF6C /* CityListView.swift */,
				DC66A67F2940D6ED00B8F1D6 /* CityDetailView.swift */,
				DCB6999D294281F600F7E257 /* HourlyForecastView.swift */,
				DCB6999F2942845C00F7E257 /* DailyForecastView.swift */,
				DC66A6732940CCC300B8F1D6 /* Assets.xcassets */,
				DC66A6752940CCC300B8F1D6 /* Preview Content */,
			);
			path = WeatherTestProject;
			sourceTree = "<group>";
		};
		DC66A6752940CCC300B8F1D6 /* Preview Content */ = {
			isa = PBXGroup;
			children = (
				DC66A6762940CCC300B8F1D6 /* Preview Assets.xcassets */,
			);
			path = "Preview Content";
			sourceTree = "<group>";
		};
		DC66A6872941140C00B8F1D6 /* API */ = {
			isa = PBXGroup;
			children = (
				DC66A688294117B800B8F1D6 /* OpenWeatherMapAPI */,
			);
			path = API;
			sourceTree = "<group>";
		};
		DC66A688294117B800B8F1D6 /* OpenWeatherMapAPI */ = {
			isa = PBXGroup;
			children = (
				DCB699872942694B00F7E257 /* CurrentWeatherData */,
				DCB6998829427C5F00F7E257 /* FiveDayThreeHourForecast */,
			);
			path = OpenWeatherMapAPI;
			sourceTree = "<group>";
		};
		DCB699872942694B00F7E257 /* CurrentWeatherData */ = {
			isa = PBXGroup;
			children = (
				DC51C8792942160500ECFF6C /* CurrentWeatherModel.swift */,
				DC66A685294113FF00B8F1D6 /* CurrentWeatherDataAPI.swift */,
			);
			path = CurrentWeatherData;
			sourceTree = "<group>";
		};
		DCB6998829427C5F00F7E257 /* FiveDayThreeHourForecast */ = {
			isa = PBXGroup;
			children = (
				DCB6998C29427CC200F7E257 /* FiveDayForecastModel.swift */,
				DCB6999B2942810300F7E257 /* FiveDayForecastAPI.swift */,
			);
			path = FiveDayThreeHourForecast;
			sourceTree = "<group>";
		};
/* End PBXGroup section */

/* Begin PBXNativeTarget section */
		DC66A66B2940CCC200B8F1D6 /* WeatherTestProject */ = {
			isa = PBXNativeTarget;
			buildConfigurationList = DC66A67A2940CCC300B8F1D6 /* Build configuration list for PBXNativeTarget "WeatherTestProject" */;
			buildPhases = (
				DC66A6682940CCC200B8F1D6 /* Sources */,
				DC66A6692940CCC200B8F1D6 /* Frameworks */,
				DC66A66A2940CCC200B8F1D6 /* Resources */,
			);
			buildRules = (
			);
			dependencies = (
			);
			name = WeatherTestProject;
			productName = WeatherTestProject;
			productReference = DC66A66C2940CCC200B8F1D6 /* WeatherTestProject.app */;
			productType = "com.apple.product-type.application";
		};
/* End PBXNativeTarget section */

/* Begin PBXProject section */
		DC66A6642940CCC200B8F1D6 /* Project object */ = {
			isa = PBXProject;
			attributes = {
				BuildIndependentTargetsInParallel = 1;
				LastSwiftUpdateCheck = 1410;
				LastUpgradeCheck = 1410;
				TargetAttributes = {
					DC66A66B2940CCC200B8F1D6 = {
						CreatedOnToolsVersion = 14.1;
					};
				};
			};
			buildConfigurationList = DC66A6672940CCC200B8F1D6 /* Build configuration list for PBXProject "WeatherTestProject" */;
			compatibilityVersion = "Xcode 14.0";
			developmentRegion = en;
			hasScannedForEncodings = 0;
			knownRegions = (
				en,
				Base,
			);
			mainGroup = DC66A6632940CCC200B8F1D6;
			productRefGroup = DC66A66D2940CCC200B8F1D6 /* Products */;
			projectDirPath = "";
			projectRoot = "";
			targets = (
				DC66A66B2940CCC200B8F1D6 /* WeatherTestProject */,
			);
		};
/* End PBXProject section */

/* Begin PBXResourcesBuildPhase section */
		DC66A66A2940CCC200B8F1D6 /* Resources */ = {
			isa = PBXResourcesBuildPhase;
			buildActionMask = 2147483647;
			files = (
				DC66A6772940CCC300B8F1D6 /* Preview Assets.xcassets in Resources */,
				DC66A6742940CCC300B8F1D6 /* Assets.xcassets in Resources */,
			);
			runOnlyForDeploymentPostprocessing = 0;
		};
/* End PBXResourcesBuildPhase section */

/* Begin PBXSourcesBuildPhase section */
		DC66A6682940CCC200B8F1D6 /* Sources */ = {
			isa = PBXSourcesBuildPhase;
			buildActionMask = 2147483647;
			files = (
				DC1009D9294FA1DE005B614E /* LocationManager.swift in Sources */,
				DCB6999C2942810300F7E257 /* FiveDayForecastAPI.swift in Sources */,
				DCB6998629425FBF00F7E257 /* Color+Extention.swift in Sources */,
				DC51C8802942160500ECFF6C /* CurrentWeatherModel.swift in Sources */,
				DC51C8722941CFAA00ECFF6C /* CityListView.swift in Sources */,
				DC66A6722940CCC200B8F1D6 /* ContentView.swift in Sources */,
				DCB699A02942845C00F7E257 /* DailyForecastView.swift in Sources */,
				DCB6999E294281F700F7E257 /* HourlyForecastView.swift in Sources */,
				DCB6999529427CC300F7E257 /* FiveDayForecastModel.swift in Sources */,
				DC66A6702940CCC200B8F1D6 /* WeatherTestProjectApp.swift in Sources */,
				DC66A686294113FF00B8F1D6 /* CurrentWeatherDataAPI.swift in Sources */,
				DC66A6802940D6ED00B8F1D6 /* CityDetailView.swift in Sources */,
				DC66A67E2940CD5C00B8F1D6 /* Constants.swift in Sources */,
				DC1009DD295055D7005B614E /* View+Extention.swift in Sources */,
			);
			runOnlyForDeploymentPostprocessing = 0;
		};
/* End PBXSourcesBuildPhase section */

/* Begin XCBuildConfiguration section */
		DC66A6782940CCC300B8F1D6 /* Debug */ = {
			isa = XCBuildConfiguration;
			buildSettings = {
				ALWAYS_SEARCH_USER_PATHS = NO;
				CLANG_ANALYZER_NONNULL = YES;
				CLANG_ANALYZER_NUMBER_OBJECT_CONVERSION = YES_AGGRESSIVE;
				CLANG_CXX_LANGUAGE_STANDARD = "gnu++20";
				CLANG_ENABLE_MODULES = YES;
				CLANG_ENABLE_OBJC_ARC = YES;
				CLANG_ENABLE_OBJC_WEAK = YES;
				CLANG_WARN_BLOCK_CAPTURE_AUTORELEASING = YES;
				CLANG_WARN_BOOL_CONVERSION = YES;
				CLANG_WARN_COMMA = YES;
				CLANG_WARN_CONSTANT_CONVERSION = YES;
				CLANG_WARN_DEPRECATED_OBJC_IMPLEMENTATIONS = YES;
				CLANG_WARN_DIRECT_OBJC_ISA_USAGE = YES_ERROR;
				CLANG_WARN_DOCUMENTATION_COMMENTS = YES;
				CLANG_WARN_EMPTY_BODY = YES;
				CLANG_WARN_ENUM_CONVERSION = YES;
				CLANG_WARN_INFINITE_RECURSION = YES;
				CLANG_WARN_INT_CONVERSION = YES;
				CLANG_WARN_NON_LITERAL_NULL_CONVERSION = YES;
				CLANG_WARN_OBJC_IMPLICIT_RETAIN_SELF = YES;
				CLANG_WARN_OBJC_LITERAL_CONVERSION = YES;
				CLANG_WARN_OBJC_ROOT_CLASS = YES_ERROR;
				CLANG_WARN_QUOTED_INCLUDE_IN_FRAMEWORK_HEADER = YES;
				CLANG_WARN_RANGE_LOOP_ANALYSIS = YES;
				CLANG_WARN_STRICT_PROTOTYPES = YES;
				CLANG_WARN_SUSPICIOUS_MOVE = YES;
				CLANG_WARN_UNGUARDED_AVAILABILITY = YES_AGGRESSIVE;
				CLANG_WARN_UNREACHABLE_CODE = YES;
				CLANG_WARN__DUPLICATE_METHOD_MATCH = YES;
				COPY_PHASE_STRIP = NO;
				DEBUG_INFORMATION_FORMAT = dwarf;
				ENABLE_STRICT_OBJC_MSGSEND = YES;
				ENABLE_TESTABILITY = YES;
				GCC_C_LANGUAGE_STANDARD = gnu11;
				GCC_DYNAMIC_NO_PIC = NO;
				GCC_NO_COMMON_BLOCKS = YES;
				GCC_OPTIMIZATION_LEVEL = 0;
				GCC_PREPROCESSOR_DEFINITIONS = (
					"DEBUG=1",
					"$(inherited)",
				);
				GCC_WARN_64_TO_32_BIT_CONVERSION = YES;
				GCC_WARN_ABOUT_RETURN_TYPE = YES_ERROR;
				GCC_WARN_UNDECLARED_SELECTOR = YES;
				GCC_WARN_UNINITIALIZED_AUTOS = YES_AGGRESSIVE;
				GCC_WARN_UNUSED_FUNCTION = YES;
				GCC_WARN_UNUSED_VARIABLE = YES;
				IPHONEOS_DEPLOYMENT_TARGET = 16.1;
				MTL_ENABLE_DEBUG_INFO = INCLUDE_SOURCE;
				MTL_FAST_MATH = YES;
				ONLY_ACTIVE_ARCH = YES;
				SDKROOT = iphoneos;
				SWIFT_ACTIVE_COMPILATION_CONDITIONS = DEBUG;
				SWIFT_OPTIMIZATION_LEVEL = "-Onone";
			};
			name = Debug;
		};
		DC66A6792940CCC300B8F1D6 /* Release */ = {
			isa = XCBuildConfiguration;
			buildSettings = {
				ALWAYS_SEARCH_USER_PATHS = NO;
				CLANG_ANALYZER_NONNULL = YES;
				CLANG_ANALYZER_NUMBER_OBJECT_CONVERSION = YES_AGGRESSIVE;
				CLANG_CXX_LANGUAGE_STANDARD = "gnu++20";
				CLANG_ENABLE_MODULES = YES;
				CLANG_ENABLE_OBJC_ARC = YES;
				CLANG_ENABLE_OBJC_WEAK = YES;
				CLANG_WARN_BLOCK_CAPTURE_AUTORELEASING = YES;
				CLANG_WARN_BOOL_CONVERSION = YES;
				CLANG_WARN_COMMA = YES;
				CLANG_WARN_CONSTANT_CONVERSION = YES;
				CLANG_WARN_DEPRECATED_OBJC_IMPLEMENTATIONS = YES;
				CLANG_WARN_DIRECT_OBJC_ISA_USAGE = YES_ERROR;
				CLANG_WARN_DOCUMENTATION_COMMENTS = YES;
				CLANG_WARN_EMPTY_BODY = YES;
				CLANG_WARN_ENUM_CONVERSION = YES;
				CLANG_WARN_INFINITE_RECURSION = YES;
				CLANG_WARN_INT_CONVERSION = YES;
				CLANG_WARN_NON_LITERAL_NULL_CONVERSION = YES;
				CLANG_WARN_OBJC_IMPLICIT_RETAIN_SELF = YES;
				CLANG_WARN_OBJC_LITERAL_CONVERSION = YES;
				CLANG_WARN_OBJC_ROOT_CLASS = YES_ERROR;
				CLANG_WARN_QUOTED_INCLUDE_IN_FRAMEWORK_HEADER = YES;
				CLANG_WARN_RANGE_LOOP_ANALYSIS = YES;
				CLANG_WARN_STRICT_PROTOTYPES = YES;
				CLANG_WARN_SUSPICIOUS_MOVE = YES;
				CLANG_WARN_UNGUARDED_AVAILABILITY = YES_AGGRESSIVE;
				CLANG_WARN_UNREACHABLE_CODE = YES;
				CLANG_WARN__DUPLICATE_METHOD_MATCH = YES;
				COPY_PHASE_STRIP = NO;
				DEBUG_INFORMATION_FORMAT = "dwarf-with-dsym";
				ENABLE_NS_ASSERTIONS = NO;
				ENABLE_STRICT_OBJC_MSGSEND = YES;
				GCC_C_LANGUAGE_STANDARD = gnu11;
				GCC_NO_COMMON_BLOCKS = YES;
				GCC_WARN_64_TO_32_BIT_CONVERSION = YES;
				GCC_WARN_ABOUT_RETURN_TYPE = YES_ERROR;
				GCC_WARN_UNDECLARED_SELECTOR = YES;
				GCC_WARN_UNINITIALIZED_AUTOS = YES_AGGRESSIVE;
				GCC_WARN_UNUSED_FUNCTION = YES;
				GCC_WARN_UNUSED_VARIABLE = YES;
				IPHONEOS_DEPLOYMENT_TARGET = 16.1;
				MTL_ENABLE_DEBUG_INFO = NO;
				MTL_FAST_MATH = YES;
				SDKROOT = iphoneos;
				SWIFT_COMPILATION_MODE = wholemodule;
				SWIFT_OPTIMIZATION_LEVEL = "-O";
				VALIDATE_PRODUCT = YES;
			};
			name = Release;
		};
		DC66A67B2940CCC300B8F1D6 /* Debug */ = {
			isa = XCBuildConfiguration;
			buildSettings = {
				ASSETCATALOG_COMPILER_APPICON_NAME = AppIcon;
				ASSETCATALOG_COMPILER_GLOBAL_ACCENT_COLOR_NAME = AccentColor;
				CODE_SIGN_STYLE = Automatic;
				CURRENT_PROJECT_VERSION = 1;
				DEVELOPMENT_ASSET_PATHS = "\"WeatherTestProject/Preview Content\"";
				DEVELOPMENT_TEAM = UH3GS9823U;
				ENABLE_PREVIEWS = YES;
				GENERATE_INFOPLIST_FILE = YES;
				INFOPLIST_FILE = WeatherTestProject/Info.plist;
				INFOPLIST_KEY_NSLocationWhenInUseUsageDescription = "Allow access location for current weather";
				INFOPLIST_KEY_UIApplicationSceneManifest_Generation = YES;
				INFOPLIST_KEY_UILaunchScreen_Generation = YES;
				INFOPLIST_KEY_UISupportedInterfaceOrientations = UIInterfaceOrientationPortrait;
				LD_RUNPATH_SEARCH_PATHS = (
					"$(inherited)",
					"@executable_path/Frameworks",
				);
				MARKETING_VERSION = 1.0;
				PRODUCT_BUNDLE_IDENTIFIER = and.us.digital.WeatherTestProject;
				PRODUCT_NAME = "$(TARGET_NAME)";
				SWIFT_EMIT_LOC_STRINGS = YES;
				SWIFT_VERSION = 5.0;
				TARGETED_DEVICE_FAMILY = "1,2";
			};
			name = Debug;
		};
		DC66A67C2940CCC300B8F1D6 /* Release */ = {
			isa = XCBuildConfiguration;
			buildSettings = {
				ASSETCATALOG_COMPILER_APPICON_NAME = AppIcon;
				ASSETCATALOG_COMPILER_GLOBAL_ACCENT_COLOR_NAME = AccentColor;
				CODE_SIGN_STYLE = Automatic;
				CURRENT_PROJECT_VERSION = 1;
				DEVELOPMENT_ASSET_PATHS = "\"WeatherTestProject/Preview Content\"";
				DEVELOPMENT_TEAM = UH3GS9823U;
				ENABLE_PREVIEWS = YES;
				GENERATE_INFOPLIST_FILE = YES;
				INFOPLIST_FILE = WeatherTestProject/Info.plist;
				INFOPLIST_KEY_NSLocationWhenInUseUsageDescription = "Allow access location for current weather";
				INFOPLIST_KEY_UIApplicationSceneManifest_Generation = YES;
				INFOPLIST_KEY_UILaunchScreen_Generation = YES;
				INFOPLIST_KEY_UISupportedInterfaceOrientations = UIInterfaceOrientationPortrait;
				LD_RUNPATH_SEARCH_PATHS = (
					"$(inherited)",
					"@executable_path/Frameworks",
				);
				MARKETING_VERSION = 1.0;
				PRODUCT_BUNDLE_IDENTIFIER = and.us.digital.WeatherTestProject;
				PRODUCT_NAME = "$(TARGET_NAME)";
				SWIFT_EMIT_LOC_STRINGS = YES;
				SWIFT_VERSION = 5.0;
				TARGETED_DEVICE_FAMILY = "1,2";
			};
			name = Release;
		};
/* End XCBuildConfiguration section */

/* Begin XCConfigurationList section */
		DC66A6672940CCC200B8F1D6 /* Build configuration list for PBXProject "WeatherTestProject" */ = {
			isa = XCConfigurationList;
			buildConfigurations = (
				DC66A6782940CCC300B8F1D6 /* Debug */,
				DC66A6792940CCC300B8F1D6 /* Release */,
			);
			defaultConfigurationIsVisible = 0;
			defaultConfigurationName = Release;
		};
		DC66A67A2940CCC300B8F1D6 /* Build configuration list for PBXNativeTarget "WeatherTestProject" */ = {
			isa = XCConfigurationList;
			buildConfigurations = (
				DC66A67B2940CCC300B8F1D6 /* Debug */,
				DC66A67C2940CCC300B8F1D6 /* Release */,
			);
			defaultConfigurationIsVisible = 0;
			defaultConfigurationName = Release;
		};
/* End XCConfigurationList section */
	};
	rootObject = DC66A6642940CCC200B8F1D6 /* Project object */;
}
